
Microsoft Visual Studio Solution File, Format Version 12.00
# Visual Studio Version 16
VisualStudioVersion = 16.0.31025.194
MinimumVisualStudioVersion = 10.0.40219.1
Project("{FAE04EC0-301F-11D3-BF4B-00C04F79EFBC}") = "TP1", "TP1\TP1.csproj", "{25A5850C-C4DE-42D5-A353-66DAC258D94B}"
EndProject
Global
	GlobalSection(SolutionConfigurationPlatforms) = preSolution
		Debug|Any CPU = Debug|Any CPU
		Release|Any CPU = Release|Any CPU
	EndGlobalSection
	GlobalSection(ProjectConfigurationPlatforms) = postSolution
		{25A5850C-C4DE-42D5-A353-66DAC258D94B}.Debug|Any CPU.ActiveCfg = Debug|Any CPU
		{25A5850C-C4DE-42D5-A353-66DAC258D94B}.Debug|Any CPU.Build.0 = Debug|Any CPU
		{25A5850C-C4DE-42D5-A353-66DAC258D94B}.Release|Any CPU.ActiveCfg = Release|Any CPU
		{25A5850C-C4DE-42D5-A353-66DAC258D94B}.Release|Any CPU.Build.0 = Release|Any CPU
	EndGlobalSection
	GlobalSection(SolutionProperties) = preSolution
		HideSolutionNode = FALSE
	EndGlobalSection
	GlobalSection(ExtensibilityGlobals) = postSolution
		SolutionGuid = {5671DE8F-0C2E-4095-9244-B38FB0F62117}
	EndGlobalSection
EndGlobal
